
Microsoft Visual Studio Solution File, Format Version 12.00
# Visual Studio 15
VisualStudioVersion = 15.0.28307.168
MinimumVisualStudioVersion = 10.0.40219.1
Project("{FAE04EC0-301F-11D3-BF4B-00C04F79EFBC}") = "LoginFormDesign", "LoginFormDesign\LoginFormDesign.csproj", "{CF169FB7-3BAC-499A-84C5-83E148AE1C27}"
EndProject
Global
	GlobalSection(SolutionConfigurationPlatforms) = preSolution
		Debug|Any CPU = Debug|Any CPU
		Release|Any CPU = Release|Any CPU
	EndGlobalSection
	GlobalSection(ProjectConfigurationPlatforms) = postSolution
		{CF169FB7-3BAC-499A-84C5-83E148AE1C27}.Debug|Any CPU.ActiveCfg = Debug|Any CPU
		{CF169FB7-3BAC-499A-84C5-83E148AE1C27}.Debug|Any CPU.Build.0 = Debug|Any CPU
		{CF169FB7-3BAC-499A-84C5-83E148AE1C27}.Release|Any CPU.ActiveCfg = Release|Any CPU
		{CF169FB7-3BAC-499A-84C5-83E148AE1C27}.Release|Any CPU.Build.0 = Release|Any CPU
	EndGlobalSection
	GlobalSection(SolutionProperties) = preSolution
		HideSolutionNode = FALSE
	EndGlobalSection
	GlobalSection(ExtensibilityGlobals) = postSolution
		SolutionGuid = {2610B0C4-C129-4529-943B-FFF5ACDE74D5}
	EndGlobalSection
EndGlobal
